
Microsoft Visual Studio Solution File, Format Version 12.00
# Visual Studio Version 17
VisualStudioVersion = 17.7.34031.279
MinimumVisualStudioVersion = 10.0.40219.1
Project("{FAE04EC0-301F-11D3-BF4B-00C04F79EFBC}") = "rename", "rename.csproj", "{8229BBFF-E196-43BB-8A47-AE3747B047C1}"
EndProject
Global
	GlobalSection(SolutionConfigurationPlatforms) = preSolution
		Debug|Any CPU = Debug|Any CPU
		Release|Any CPU = Release|Any CPU
	EndGlobalSection
	GlobalSection(ProjectConfigurationPlatforms) = postSolution
		{8229BBFF-E196-43BB-8A47-AE3747B047C1}.Debug|Any CPU.ActiveCfg = Debug|Any CPU
		{8229BBFF-E196-43BB-8A47-AE3747B047C1}.Debug|Any CPU.Build.0 = Debug|Any CPU
		{8229BBFF-E196-43BB-8A47-AE3747B047C1}.Release|Any CPU.ActiveCfg = Release|Any CPU
		{8229BBFF-E196-43BB-8A47-AE3747B047C1}.Release|Any CPU.Build.0 = Release|Any CPU
	EndGlobalSection
	GlobalSection(SolutionProperties) = preSolution
		HideSolutionNode = FALSE
	EndGlobalSection
	GlobalSection(ExtensibilityGlobals) = postSolution
		SolutionGuid = {7F0B7266-B8C9-4B0A-8C45-3FEA810A4470}
	EndGlobalSection
EndGlobal
